
Microsoft Visual Studio Solution File, Format Version 12.00
# Visual Studio Version 17
VisualStudioVersion = 17.14.36811.4 d17.14
MinimumVisualStudioVersion = 10.0.40219.1
Project("{FAE04EC0-301F-11D3-BF4B-00C04F79EFBC}") = "BookApi", "BookApi\BookApi.csproj", "{44D6627E-7609-4ACC-9724-3514F713A4AF}"
EndProject
Global
	GlobalSection(SolutionConfigurationPlatforms) = preSolution
		Debug|Any CPU = Debug|Any CPU
		Release|Any CPU = Release|Any CPU
	EndGlobalSection
	GlobalSection(ProjectConfigurationPlatforms) = postSolution
		{44D6627E-7609-4ACC-9724-3514F713A4AF}.Debug|Any CPU.ActiveCfg = Debug|Any CPU
		{44D6627E-7609-4ACC-9724-3514F713A4AF}.Debug|Any CPU.Build.0 = Debug|Any CPU
		{44D6627E-7609-4ACC-9724-3514F713A4AF}.Release|Any CPU.ActiveCfg = Release|Any CPU
		{44D6627E-7609-4ACC-9724-3514F713A4AF}.Release|Any CPU.Build.0 = Release|Any CPU
	EndGlobalSection
	GlobalSection(SolutionProperties) = preSolution
		HideSolutionNode = FALSE
	EndGlobalSection
	GlobalSection(ExtensibilityGlobals) = postSolution
		SolutionGuid = {C4C0DC7B-F4C0-42BD-A08A-12BD34FF0150}
	EndGlobalSection
EndGlobal
